Microsoft Visual Studio Solution File, Format Version 12.00
# Visual Studio 15
VisualStudioVersion = 15.0.26730.3
MinimumVisualStudioVersion = 10.0.40219.1
Project("{9A19103F-16F7-4668-BE54-9A1E7A4F7556}") = "Python.Runtime.15", "src\runtime\Python.Runtime.15.csproj", "{2759F4FF-716B-4828-916F-50FA86613DFC}"
EndProject
Project("{9A19103F-16F7-4668-BE54-9A1E7A4F7556}") = "Python.EmbeddingTest.15", "src\embed_tests\Python.EmbeddingTest.15.csproj", "{66B8D01A-9906-452A-B09E-BF75EA76468F}"
EndProject
Project("{FAE04EC0-301F-11D3-BF4B-00C04F79EFBC}") = "Python.numpy_pandas.Test.15", "src\testing\Python.numpy_pandas.Test.15\Python.numpy_pandas.Test.15.csproj", "{3935128E-0A89-4871-B1C1-33462D08FDE9}"
EndProject
Global
	GlobalSection(SolutionConfigurationPlatforms) = preSolution
		Debug|Any CPU = Debug|Any CPU
		Debug|x64 = Debug|x64
		DebugWinPY2|Any CPU = DebugWinPY2|Any CPU
		DebugWinPY2|x64 = DebugWinPY2|x64
		DebugWinPY3|Any CPU = DebugWinPY3|Any CPU
		DebugWinPY3|x64 = DebugWinPY3|x64
		Release|Any CPU = Release|Any CPU
		Release|x64 = Release|x64
	EndGlobalSection
	GlobalSection(ProjectConfigurationPlatforms) = postSolution
		{2759F4FF-716B-4828-916F-50FA86613DFC}.Debug|Any CPU.ActiveCfg = Debug|Any CPU
		{2759F4FF-716B-4828-916F-50FA86613DFC}.Debug|Any CPU.Build.0 = Debug|Any CPU
		{2759F4FF-716B-4828-916F-50FA86613DFC}.Debug|x64.ActiveCfg = Debug|Any CPU
		{2759F4FF-716B-4828-916F-50FA86613DFC}.Debug|x64.Build.0 = Debug|Any CPU
		{2759F4FF-716B-4828-916F-50FA86613DFC}.DebugWinPY2|Any CPU.ActiveCfg = DebugWinPY2|Any CPU
		{2759F4FF-716B-4828-916F-50FA86613DFC}.DebugWinPY2|Any CPU.Build.0 = DebugWinPY2|Any CPU
		{2759F4FF-716B-4828-916F-50FA86613DFC}.DebugWinPY2|x64.ActiveCfg = DebugWinPY2|Any CPU
		{2759F4FF-716B-4828-916F-50FA86613DFC}.DebugWinPY2|x64.Build.0 = DebugWinPY2|Any CPU
		{2759F4FF-716B-4828-916F-50FA86613DFC}.DebugWinPY3|Any CPU.ActiveCfg = DebugWinPY3|Any CPU
		{2759F4FF-716B-4828-916F-50FA86613DFC}.DebugWinPY3|Any CPU.Build.0 = DebugWinPY3|Any CPU
		{2759F4FF-716B-4828-916F-50FA86613DFC}.DebugWinPY3|x64.ActiveCfg = DebugWinPY3|Any CPU
		{2759F4FF-716B-4828-916F-50FA86613DFC}.DebugWinPY3|x64.Build.0 = DebugWinPY3|Any CPU
		{2759F4FF-716B-4828-916F-50FA86613DFC}.Release|Any CPU.ActiveCfg = Release|Any CPU
		{2759F4FF-716B-4828-916F-50FA86613DFC}.Release|Any CPU.Build.0 = Release|Any CPU
		{2759F4FF-716B-4828-916F-50FA86613DFC}.Release|x64.ActiveCfg = Release|Any CPU
		{2759F4FF-716B-4828-916F-50FA86613DFC}.Release|x64.Build.0 = Release|Any CPU
		{66B8D01A-9906-452A-B09E-BF75EA76468F}.Debug|Any CPU.ActiveCfg = Debug|x64
		{66B8D01A-9906-452A-B09E-BF75EA76468F}.Debug|x64.ActiveCfg = Debug|x64
		{66B8D01A-9906-452A-B09E-BF75EA76468F}.Debug|x64.Build.0 = Debug|x64
		{66B8D01A-9906-452A-B09E-BF75EA76468F}.DebugWinPY2|Any CPU.ActiveCfg = DebugWinPY2|x64
		{66B8D01A-9906-452A-B09E-BF75EA76468F}.DebugWinPY2|x64.ActiveCfg = DebugWinPY2|x64
		{66B8D01A-9906-452A-B09E-BF75EA76468F}.DebugWinPY2|x64.Build.0 = DebugWinPY2|x64
		{66B8D01A-9906-452A-B09E-BF75EA76468F}.DebugWinPY3|Any CPU.ActiveCfg = DebugWinPY3|x64
		{66B8D01A-9906-452A-B09E-BF75EA76468F}.DebugWinPY3|x64.ActiveCfg = DebugWinPY3|x64
		{66B8D01A-9906-452A-B09E-BF75EA76468F}.DebugWinPY3|x64.Build.0 = DebugWinPY3|x64
		{66B8D01A-9906-452A-B09E-BF75EA76468F}.Release|Any CPU.ActiveCfg = Release|x64
		{66B8D01A-9906-452A-B09E-BF75EA76468F}.Release|x64.ActiveCfg = Release|x64
		{66B8D01A-9906-452A-B09E-BF75EA76468F}.Release|x64.Build.0 = Release|x64
		{3935128E-0A89-4871-B1C1-33462D08FDE9}.Debug|Any CPU.ActiveCfg = Debug|Any CPU
		{3935128E-0A89-4871-B1C1-33462D08FDE9}.Debug|Any CPU.Build.0 = Debug|Any CPU
		{3935128E-0A89-4871-B1C1-33462D08FDE9}.Debug|x64.ActiveCfg = Debug|Any CPU
		{3935128E-0A89-4871-B1C1-33462D08FDE9}.Debug|x64.Build.0 = Debug|Any CPU
		{3935128E-0A89-4871-B1C1-33462D08FDE9}.DebugWinPY2|Any CPU.ActiveCfg = Debug|Any CPU
		{3935128E-0A89-4871-B1C1-33462D08FDE9}.DebugWinPY2|Any CPU.Build.0 = Debug|Any CPU
		{3935128E-0A89-4871-B1C1-33462D08FDE9}.DebugWinPY2|x64.ActiveCfg = Debug|Any CPU
		{3935128E-0A89-4871-B1C1-33462D08FDE9}.DebugWinPY2|x64.Build.0 = Debug|Any CPU
		{3935128E-0A89-4871-B1C1-33462D08FDE9}.DebugWinPY3|Any CPU.ActiveCfg = Debug|Any CPU
		{3935128E-0A89-4871-B1C1-33462D08FDE9}.DebugWinPY3|Any CPU.Build.0 = Debug|Any CPU
		{3935128E-0A89-4871-B1C1-33462D08FDE9}.DebugWinPY3|x64.ActiveCfg = Debug|Any CPU
		{3935128E-0A89-4871-B1C1-33462D08FDE9}.DebugWinPY3|x64.Build.0 = Debug|Any CPU
		{3935128E-0A89-4871-B1C1-33462D08FDE9}.Release|Any CPU.ActiveCfg = Release|Any CPU
		{3935128E-0A89-4871-B1C1-33462D08FDE9}.Release|Any CPU.Build.0 = Release|Any CPU
		{3935128E-0A89-4871-B1C1-33462D08FDE9}.Release|x64.ActiveCfg = Release|Any CPU
		{3935128E-0A89-4871-B1C1-33462D08FDE9}.Release|x64.Build.0 = Release|Any CPU
	EndGlobalSection
	GlobalSection(SolutionProperties) = preSolution
		HideSolutionNode = FALSE
	EndGlobalSection
	GlobalSection(ExtensibilityGlobals) = postSolution
		SolutionGuid = {A6347B90-BBE6-4E45-90BF-1BD8B76069E3}
	EndGlobalSection
EndGlobal
